
Microsoft Visual Studio Solution File, Format Version 12.00
# Visual Studio Version 16
VisualStudioVersion = 16.0.28803.202
MinimumVisualStudioVersion = 10.0.40219.1
Project("{FAE04EC0-301F-11D3-BF4B-00C04F79EFBC}") = "SOLID", "solid\SOLID.csproj", "{5ADF02FE-D949-41B0-B921-EC66A6FA89CF}"
EndProject
Global
	GlobalSection(SolutionConfigurationPlatforms) = preSolution
		Debug|Any CPU = Debug|Any CPU
		Release|Any CPU = Release|Any CPU
	EndGlobalSection
	GlobalSection(ProjectConfigurationPlatforms) = postSolution
		{5ADF02FE-D949-41B0-B921-EC66A6FA89CF}.Debug|Any CPU.ActiveCfg = Debug|Any CPU
		{5ADF02FE-D949-41B0-B921-EC66A6FA89CF}.Debug|Any CPU.Build.0 = Debug|Any CPU
		{5ADF02FE-D949-41B0-B921-EC66A6FA89CF}.Release|Any CPU.ActiveCfg = Release|Any CPU
		{5ADF02FE-D949-41B0-B921-EC66A6FA89CF}.Release|Any CPU.Build.0 = Release|Any CPU
	EndGlobalSection
	GlobalSection(SolutionProperties) = preSolution
		HideSolutionNode = FALSE
	EndGlobalSection
	GlobalSection(ExtensibilityGlobals) = postSolution
		SolutionGuid = {3B057BA8-98C4-450F-B6E2-E5B9499E94BA}
	EndGlobalSection
EndGlobal
