
Microsoft Visual Studio Solution File, Format Version 12.00
# Visual Studio 15
VisualStudioVersion = 15.0.28307.329
MinimumVisualStudioVersion = 10.0.40219.1
Project("{FAE04EC0-301F-11D3-BF4B-00C04F79EFBC}") = "ConsoleApp2", "ConsoleApp2\ConsoleApp2.csproj", "{2D5FEB21-60BC-4037-B4C7-AD7D17D2BC24}"
EndProject
Global
	GlobalSection(SolutionConfigurationPlatforms) = preSolution
		Debug|Any CPU = Debug|Any CPU
		Release|Any CPU = Release|Any CPU
	EndGlobalSection
	GlobalSection(ProjectConfigurationPlatforms) = postSolution
		{2D5FEB21-60BC-4037-B4C7-AD7D17D2BC24}.Debug|Any CPU.ActiveCfg = Debug|Any CPU
		{2D5FEB21-60BC-4037-B4C7-AD7D17D2BC24}.Debug|Any CPU.Build.0 = Debug|Any CPU
		{2D5FEB21-60BC-4037-B4C7-AD7D17D2BC24}.Release|Any CPU.ActiveCfg = Release|Any CPU
		{2D5FEB21-60BC-4037-B4C7-AD7D17D2BC24}.Release|Any CPU.Build.0 = Release|Any CPU
	EndGlobalSection
	GlobalSection(SolutionProperties) = preSolution
		HideSolutionNode = FALSE
	EndGlobalSection
	GlobalSection(ExtensibilityGlobals) = postSolution
		SolutionGuid = {3AA13090-76C0-456F-8EB1-DA738CBCA8EF}
	EndGlobalSection
EndGlobal
